
Microsoft Visual Studio Solution File, Format Version 12.00
# Visual Studio Version 17
VisualStudioVersion = 17.0.31919.166
MinimumVisualStudioVersion = 10.0.40219.1
Project("{9A19103F-16F7-4668-BE54-9A1E7A4F7556}") = "BookStore.Core", "BookStore.Core\BookStore.Core.csproj", "{E90CCA94-7C5D-4041-9326-304E5095500C}"
EndProject
Project("{9A19103F-16F7-4668-BE54-9A1E7A4F7556}") = "BookStore.Data", "BookStore.Data\BookStore.Data.csproj", "{C4472326-0134-4F02-A6A5-06E343361BB9}"
EndProject
Project("{9A19103F-16F7-4668-BE54-9A1E7A4F7556}") = "BookStore.Business", "BookStore.Business\BookStore.Business.csproj", "{4FD0FB52-35FD-4E71-A306-8A273D334CE4}"
EndProject
Project("{FAE04EC0-301F-11D3-BF4B-00C04F79EFBC}") = "BookStore.API", "BookStore.API\BookStore.API.csproj", "{AAC5476B-4928-45CB-8985-5A2B9D8C5198}"
EndProject
Global
	GlobalSection(SolutionConfigurationPlatforms) = preSolution
		Debug|Any CPU = Debug|Any CPU
		Release|Any CPU = Release|Any CPU
	EndGlobalSection
	GlobalSection(ProjectConfigurationPlatforms) = postSolution
		{E90CCA94-7C5D-4041-9326-304E5095500C}.Debug|Any CPU.ActiveCfg = Debug|Any CPU
		{E90CCA94-7C5D-4041-9326-304E5095500C}.Debug|Any CPU.Build.0 = Debug|Any CPU
		{E90CCA94-7C5D-4041-9326-304E5095500C}.Release|Any CPU.ActiveCfg = Release|Any CPU
		{E90CCA94-7C5D-4041-9326-304E5095500C}.Release|Any CPU.Build.0 = Release|Any CPU
		{C4472326-0134-4F02-A6A5-06E343361BB9}.Debug|Any CPU.ActiveCfg = Debug|Any CPU
		{C4472326-0134-4F02-A6A5-06E343361BB9}.Debug|Any CPU.Build.0 = Debug|Any CPU
		{C4472326-0134-4F02-A6A5-06E343361BB9}.Release|Any CPU.ActiveCfg = Release|Any CPU
		{C4472326-0134-4F02-A6A5-06E343361BB9}.Release|Any CPU.Build.0 = Release|Any CPU
		{4FD0FB52-35FD-4E71-A306-8A273D334CE4}.Debug|Any CPU.ActiveCfg = Debug|Any CPU
		{4FD0FB52-35FD-4E71-A306-8A273D334CE4}.Debug|Any CPU.Build.0 = Debug|Any CPU
		{4FD0FB52-35FD-4E71-A306-8A273D334CE4}.Release|Any CPU.ActiveCfg = Release|Any CPU
		{4FD0FB52-35FD-4E71-A306-8A273D334CE4}.Release|Any CPU.Build.0 = Release|Any CPU
		{AAC5476B-4928-45CB-8985-5A2B9D8C5198}.Debug|Any CPU.ActiveCfg = Debug|Any CPU
		{AAC5476B-4928-45CB-8985-5A2B9D8C5198}.Debug|Any CPU.Build.0 = Debug|Any CPU
		{AAC5476B-4928-45CB-8985-5A2B9D8C5198}.Release|Any CPU.ActiveCfg = Release|Any CPU
		{AAC5476B-4928-45CB-8985-5A2B9D8C5198}.Release|Any CPU.Build.0 = Release|Any CPU
	EndGlobalSection
	GlobalSection(SolutionProperties) = preSolution
		HideSolutionNode = FALSE
	EndGlobalSection
	GlobalSection(ExtensibilityGlobals) = postSolution
		SolutionGuid = {194FA062-5DFC-4FE6-84DC-723C01503295}
	EndGlobalSection
EndGlobal
